
Microsoft Visual Studio Solution File, Format Version 12.00
# Visual Studio Version 17
VisualStudioVersion = 17.8.34112.27
MinimumVisualStudioVersion = 10.0.40219.1
Project("{9A19103F-16F7-4668-BE54-9A1E7A4F7556}") = "OpenCLTredt", "FractalDRIVEr\FractalDRIVEr.csproj", "{2099FDB2-F18F-4BCD-A8A3-A37134D59D32}"
EndProject
Global
	GlobalSection(SolutionConfigurationPlatforms) = preSolution
		Debug|Any CPU = Debug|Any CPU
		Release|Any CPU = Release|Any CPU
	EndGlobalSection
	GlobalSection(ProjectConfigurationPlatforms) = postSolution
		{2099FDB2-F18F-4BCD-A8A3-A37134D59D32}.Debug|Any CPU.ActiveCfg = Debug|Any CPU
		{2099FDB2-F18F-4BCD-A8A3-A37134D59D32}.Debug|Any CPU.Build.0 = Debug|Any CPU
		{2099FDB2-F18F-4BCD-A8A3-A37134D59D32}.Release|Any CPU.ActiveCfg = Release|Any CPU
		{2099FDB2-F18F-4BCD-A8A3-A37134D59D32}.Release|Any CPU.Build.0 = Release|Any CPU
	EndGlobalSection
	GlobalSection(SolutionProperties) = preSolution
		HideSolutionNode = FALSE
	EndGlobalSection
	GlobalSection(ExtensibilityGlobals) = postSolution
		SolutionGuid = {A12ABD04-A99A-48B0-8181-52153D5CAD77}
	EndGlobalSection
EndGlobal
